// !$*UTF8*$!
{
	archiveVersion = 1;
	classes = {
	};
	objectVersion = 51;
	objects = {

/* Begin PBXBuildFile section */
		23750FC979BBF3A5DAF893F0 /* Pods_MinistryBrandsTestApp.framework in Frameworks */ = {isa = PBXBuildFile; fileRef = B6AD6632035E0DA2261CD124 /* Pods_MinistryBrandsTestApp.framework */; };
		34268CD82388875200DF66A4 /* DateFormatterExtension.swift in Sources */ = {isa = PBXBuildFile; fileRef = 34268CD72388875200DF66A4 /* DateFormatterExtension.swift */; };
		34268CDA2388921F00DF66A4 /* StringExtension.swift in Sources */ = {isa = PBXBuildFile; fileRef = 34268CD92388921F00DF66A4 /* StringExtension.swift */; };
		34268CDE2388F98500DF66A4 /* ProfileSettingsVC.swift in Sources */ = {isa = PBXBuildFile; fileRef = 34268CDD2388F98500DF66A4 /* ProfileSettingsVC.swift */; };
		34268CE02389012400DF66A4 /* UITextViewExtension.swift in Sources */ = {isa = PBXBuildFile; fileRef = 34268CDF2389012400DF66A4 /* UITextViewExtension.swift */; };
		3432D27523883B8A00E99241 /* UIButtonExtension.swift in Sources */ = {isa = PBXBuildFile; fileRef = 3432D27423883B8A00E99241 /* UIButtonExtension.swift */; };
		3432D27B2388431700E99241 /* GradientView.swift in Sources */ = {isa = PBXBuildFile; fileRef = 3432D27A2388431700E99241 /* GradientView.swift */; };
		347F89D723873CE70037FC70 /* PersonDetailVC.swift in Sources */ = {isa = PBXBuildFile; fileRef = 347F89D623873CE70037FC70 /* PersonDetailVC.swift */; };
		3480A68E238938B000FD223A /* User.swift in Sources */ = {isa = PBXBuildFile; fileRef = 3480A68D238938B000FD223A /* User.swift */; };
		3480A690238939AC00FD223A /* RealmManager.swift in Sources */ = {isa = PBXBuildFile; fileRef = 3480A68F238939AC00FD223A /* RealmManager.swift */; };
		34B9628A238508B6005A50D8 /* AppDelegate.swift in Sources */ = {isa = PBXBuildFile; fileRef = 34B96289238508B6005A50D8 /* AppDelegate.swift */; };
		34B9628C238508B6005A50D8 /* SceneDelegate.swift in Sources */ = {isa = PBXBuildFile; fileRef = 34B9628B238508B6005A50D8 /* SceneDelegate.swift */; };
		34B9628E238508B6005A50D8 /* LoginVC.swift in Sources */ = {isa = PBXBuildFile; fileRef = 34B9628D238508B6005A50D8 /* LoginVC.swift */; };
		34B96291238508B6005A50D8 /* Main.storyboard in Resources */ = {isa = PBXBuildFile; fileRef = 34B9628F238508B6005A50D8 /* Main.storyboard */; };
		34B96293238508B8005A50D8 /* Assets.xcassets in Resources */ = {isa = PBXBuildFile; fileRef = 34B96292238508B8005A50D8 /* Assets.xcassets */; };
		34B96296238508B8005A50D8 /* LaunchScreen.storyboard in Resources */ = {isa = PBXBuildFile; fileRef = 34B96294238508B8005A50D8 /* LaunchScreen.storyboard */; };
		34C569B32385104600A79B6C /* UIColorExtension.swift in Sources */ = {isa = PBXBuildFile; fileRef = 34C569B22385104600A79B6C /* UIColorExtension.swift */; };
		34C569B82385E7B700A79B6C /* NetworkManager.swift in Sources */ = {isa = PBXBuildFile; fileRef = 34C569B72385E7B700A79B6C /* NetworkManager.swift */; };
		34C569BA2385EBBB00A79B6C /* Person.swift in Sources */ = {isa = PBXBuildFile; fileRef = 34C569B92385EBBB00A79B6C /* Person.swift */; };
		34C569BC2385F0CE00A79B6C /* HomeVC.swift in Sources */ = {isa = PBXBuildFile; fileRef = 34C569BB2385F0CE00A79B6C /* HomeVC.swift */; };
		34C569BE2385F28C00A79B6C /* UIViewControllerExtension.swift in Sources */ = {isa = PBXBuildFile; fileRef = 34C569BD2385F28C00A79B6C /* UIViewControllerExtension.swift */; };
		34C569C32386509400A79B6C /* PersonCell.swift in Sources */ = {isa = PBXBuildFile; fileRef = 34C569C22386509400A79B6C /* PersonCell.swift */; };
/* End PBXBuildFile section */

/* Begin PBXFileReference section */
		34268CD72388875200DF66A4 /* DateFormatterExtension.swift */ = {isa = PBXFileReference; lastKnownFileType = sourcecode.swift; path = DateFormatterExtension.swift; sourceTree = "<group>"; };
		34268CD92388921F00DF66A4 /* StringExtension.swift */ = {isa = PBXFileReference; lastKnownFileType = sourcecode.swift; path = StringExtension.swift; sourceTree = "<group>"; };
		34268CDD2388F98500DF66A4 /* ProfileSettingsVC.swift */ = {isa = PBXFileReference; lastKnownFileType = sourcecode.swift; path = ProfileSettingsVC.swift; sourceTree = "<group>"; };
		34268CDF2389012400DF66A4 /* UITextViewExtension.swift */ = {isa = PBXFileReference; lastKnownFileType = sourcecode.swift; path = UITextViewExtension.swift; sourceTree = "<group>"; };
		3432D27423883B8A00E99241 /* UIButtonExtension.swift */ = {isa = PBXFileReference; lastKnownFileType = sourcecode.swift; path = UIButtonExtension.swift; sourceTree = "<group>"; };
		3432D27A2388431700E99241 /* GradientView.swift */ = {isa = PBXFileReference; lastKnownFileType = sourcecode.swift; path = GradientView.swift; sourceTree = "<group>"; };
		347F89D623873CE70037FC70 /* PersonDetailVC.swift */ = {isa = PBXFileReference; lastKnownFileType = sourcecode.swift; name = PersonDetailVC.swift; path = MinistryBrandsTestApp/PersonDetailVC.swift; sourceTree = SOURCE_ROOT; };
		3480A68D238938B000FD223A /* User.swift */ = {isa = PBXFileReference; lastKnownFileType = sourcecode.swift; path = User.swift; sourceTree = "<group>"; };
		3480A68F238939AC00FD223A /* RealmManager.swift */ = {isa = PBXFileReference; lastKnownFileType = sourcecode.swift; path = RealmManager.swift; sourceTree = "<group>"; };
		34B96286238508B6005A50D8 /* MinistryBrandsTestApp.app */ = {isa = PBXFileReference; explicitFileType = wrapper.application; includeInIndex = 0; path = MinistryBrandsTestApp.app; sourceTree = BUILT_PRODUCTS_DIR; };
		34B96289238508B6005A50D8 /* AppDelegate.swift */ = {isa = PBXFileReference; lastKnownFileType = sourcecode.swift; path = AppDelegate.swift; sourceTree = "<group>"; };
		34B9628B238508B6005A50D8 /* SceneDelegate.swift */ = {isa = PBXFileReference; lastKnownFileType = sourcecode.swift; path = SceneDelegate.swift; sourceTree = "<group>"; };
		34B9628D238508B6005A50D8 /* LoginVC.swift */ = {isa = PBXFileReference; lastKnownFileType = sourcecode.swift; path = LoginVC.swift; sourceTree = "<group>"; };
		34B96290238508B6005A50D8 /* Base */ = {isa = PBXFileReference; lastKnownFileType = file.storyboard; name = Base; path = Base.lproj/Main.storyboard; sourceTree = "<group>"; };
		34B96292238508B8005A50D8 /* Assets.xcassets */ = {isa = PBXFileReference; lastKnownFileType = folder.assetcatalog; path = Assets.xcassets; sourceTree = "<group>"; };
		34B96295238508B8005A50D8 /* Base */ = {isa = PBXFileReference; lastKnownFileType = file.storyboard; name = Base; path = Base.lproj/LaunchScreen.storyboard; sourceTree = "<group>"; };
		34B96297238508B8005A50D8 /* Info.plist */ = {isa = PBXFileReference; lastKnownFileType = text.plist.xml; path = Info.plist; sourceTree = "<group>"; };
		34C569B22385104600A79B6C /* UIColorExtension.swift */ = {isa = PBXFileReference; lastKnownFileType = sourcecode.swift; path = UIColorExtension.swift; sourceTree = "<group>"; };
		34C569B72385E7B700A79B6C /* NetworkManager.swift */ = {isa = PBXFileReference; lastKnownFileType = sourcecode.swift; path = NetworkManager.swift; sourceTree = "<group>"; };
		34C569B92385EBBB00A79B6C /* Person.swift */ = {isa = PBXFileReference; lastKnownFileType = sourcecode.swift; path = Person.swift; sourceTree = "<group>"; };
		34C569BB2385F0CE00A79B6C /* HomeVC.swift */ = {isa = PBXFileReference; lastKnownFileType = sourcecode.swift; path = HomeVC.swift; sourceTree = "<group>"; };
		34C569BD2385F28C00A79B6C /* UIViewControllerExtension.swift */ = {isa = PBXFileReference; lastKnownFileType = sourcecode.swift; path = UIViewControllerExtension.swift; sourceTree = "<group>"; };
		34C569C22386509400A79B6C /* PersonCell.swift */ = {isa = PBXFileReference; lastKnownFileType = sourcecode.swift; path = PersonCell.swift; sourceTree = "<group>"; };
		42367A260F554622F0AC552E /* Pods-MinistryBrandsTestApp.debug.xcconfig */ = {isa = PBXFileReference; includeInIndex = 1; lastKnownFileType = text.xcconfig; name = "Pods-MinistryBrandsTestApp.debug.xcconfig"; path = "Target Support Files/Pods-MinistryBrandsTestApp/Pods-MinistryBrandsTestApp.debug.xcconfig"; sourceTree = "<group>"; };
		5232122DE68763276309BDB8 /* Pods-MinistryBrandsTestApp.release.xcconfig */ = {isa = PBXFileReference; includeInIndex = 1; lastKnownFileType = text.xcconfig; name = "Pods-MinistryBrandsTestApp.release.xcconfig"; path = "Target Support Files/Pods-MinistryBrandsTestApp/Pods-MinistryBrandsTestApp.release.xcconfig"; sourceTree = "<group>"; };
		B6AD6632035E0DA2261CD124 /* Pods_MinistryBrandsTestApp.framework */ = {isa = PBXFileReference; explicitFileType = wrapper.framework; includeInIndex = 0; path = Pods_MinistryBrandsTestApp.framework; sourceTree = BUILT_PRODUCTS_DIR; };
/* End PBXFileReference section */

/* Begin PBXFrameworksBuildPhase section */
		34B96283238508B5005A50D8 /* Frameworks */ = {
			isa = PBXFrameworksBuildPhase;
			buildActionMask = 2147483647;
			files = (
				23750FC979BBF3A5DAF893F0 /* Pods_MinistryBrandsTestApp.framework in Frameworks */,
			);
			runOnlyForDeploymentPostprocessing = 0;
		};
/* End PBXFrameworksBuildPhase section */

/* Begin PBXGroup section */
		083D3E763766A6176D96B2CB /* Pods */ = {
			isa = PBXGroup;
			children = (
				42367A260F554622F0AC552E /* Pods-MinistryBrandsTestApp.debug.xcconfig */,
				5232122DE68763276309BDB8 /* Pods-MinistryBrandsTestApp.release.xcconfig */,
			);
			path = Pods;
			sourceTree = "<group>";
		};
		34268CD523886D0100DF66A4 /* Delegate Files */ = {
			isa = PBXGroup;
			children = (
				34B96289238508B6005A50D8 /* AppDelegate.swift */,
				34B9628B238508B6005A50D8 /* SceneDelegate.swift */,
			);
			path = "Delegate Files";
			sourceTree = "<group>";
		};
		34268CD623886D1600DF66A4 /* Resources */ = {
			isa = PBXGroup;
			children = (
				34B9628F238508B6005A50D8 /* Main.storyboard */,
				34B96292238508B8005A50D8 /* Assets.xcassets */,
				34B96294238508B8005A50D8 /* LaunchScreen.storyboard */,
			);
			path = Resources;
			sourceTree = "<group>";
		};
		3480A69123893A3600FD223A /* Managers */ = {
			isa = PBXGroup;
			children = (
				34C569B72385E7B700A79B6C /* NetworkManager.swift */,
				3480A68F238939AC00FD223A /* RealmManager.swift */,
			);
			path = Managers;
			sourceTree = "<group>";
		};
		34B9627D238508B5005A50D8 = {
			isa = PBXGroup;
			children = (
				34B96288238508B6005A50D8 /* MinistryBrandsTestApp */,
				34B96287238508B6005A50D8 /* Products */,
				083D3E763766A6176D96B2CB /* Pods */,
				523EFFAA03ED3B1F48D21482 /* Frameworks */,
			);
			sourceTree = "<group>";
		};
		34B96287238508B6005A50D8 /* Products */ = {
			isa = PBXGroup;
			children = (
				34B96286238508B6005A50D8 /* MinistryBrandsTestApp.app */,
			);
			name = Products;
			sourceTree = "<group>";
		};
		34B96288238508B6005A50D8 /* MinistryBrandsTestApp */ = {
			isa = PBXGroup;
			children = (
				34268CD523886D0100DF66A4 /* Delegate Files */,
				34B9629D23850A7A005A50D8 /* View Controllers */,
				3480A69123893A3600FD223A /* Managers */,
				34C569B4238510B600A79B6C /* Objects */,
				34C569C12386507700A79B6C /* CustomCells */,
				34B9629E23850A8B005A50D8 /* Extensions */,
				34B96297238508B8005A50D8 /* Info.plist */,
				34268CD623886D1600DF66A4 /* Resources */,
			);
			path = MinistryBrandsTestApp;
			sourceTree = "<group>";
		};
		34B9629D23850A7A005A50D8 /* View Controllers */ = {
			isa = PBXGroup;
			children = (
				34B9628D238508B6005A50D8 /* LoginVC.swift */,
				34C569BB2385F0CE00A79B6C /* HomeVC.swift */,
				347F89D623873CE70037FC70 /* PersonDetailVC.swift */,
				34268CDD2388F98500DF66A4 /* ProfileSettingsVC.swift */,
			);
			path = "View Controllers";
			sourceTree = "<group>";
		};
		34B9629E23850A8B005A50D8 /* Extensions */ = {
			isa = PBXGroup;
			children = (
				34C569B22385104600A79B6C /* UIColorExtension.swift */,
				34C569BD2385F28C00A79B6C /* UIViewControllerExtension.swift */,
				3432D27423883B8A00E99241 /* UIButtonExtension.swift */,
				34268CD72388875200DF66A4 /* DateFormatterExtension.swift */,
				34268CD92388921F00DF66A4 /* StringExtension.swift */,
				34268CDF2389012400DF66A4 /* UITextViewExtension.swift */,
			);
			path = Extensions;
			sourceTree = "<group>";
		};
		34C569B4238510B600A79B6C /* Objects */ = {
			isa = PBXGroup;
			children = (
				34C569B92385EBBB00A79B6C /* Person.swift */,
				3480A68D238938B000FD223A /* User.swift */,
				3432D27A2388431700E99241 /* GradientView.swift */,
			);
			path = Objects;
			sourceTree = "<group>";
		};
		34C569C12386507700A79B6C /* CustomCells */ = {
			isa = PBXGroup;
			children = (
				34C569C22386509400A79B6C /* PersonCell.swift */,
			);
			path = CustomCells;
			sourceTree = "<group>";
		};
		523EFFAA03ED3B1F48D21482 /* Frameworks */ = {
			isa = PBXGroup;
			children = (
				B6AD6632035E0DA2261CD124 /* Pods_MinistryBrandsTestApp.framework */,
			);
			name = Frameworks;
			sourceTree = "<group>";
		};
/* End PBXGroup section */

/* Begin PBXNativeTarget section */
		34B96285238508B5005A50D8 /* MinistryBrandsTestApp */ = {
			isa = PBXNativeTarget;
			buildConfigurationList = 34B9629A238508B8005A50D8 /* Build configuration list for PBXNativeTarget "MinistryBrandsTestApp" */;
			buildPhases = (
				7C8AFBCEDA42B0A04ED665C7 /* [CP] Check Pods Manifest.lock */,
				34B96282238508B5005A50D8 /* Sources */,
				34B96283238508B5005A50D8 /* Frameworks */,
				34B96284238508B5005A50D8 /* Resources */,
				25E4E55064B93A43075AC5AA /* [CP] Embed Pods Frameworks */,
			);
			buildRules = (
			);
			dependencies = (
			);
			name = MinistryBrandsTestApp;
			productName = MinistryBrandsTestApp;
			productReference = 34B96286238508B6005A50D8 /* MinistryBrandsTestApp.app */;
			productType = "com.apple.product-type.application";
		};
/* End PBXNativeTarget section */

/* Begin PBXProject section */
		34B9627E238508B5005A50D8 /* Project object */ = {
			isa = PBXProject;
			attributes = {
				LastSwiftUpdateCheck = 1110;
				LastUpgradeCheck = 1110;
				ORGANIZATIONNAME = "Taylor Smith";
				TargetAttributes = {
					34B96285238508B5005A50D8 = {
						CreatedOnToolsVersion = 11.1;
					};
				};
			};
			buildConfigurationList = 34B96281238508B5005A50D8 /* Build configuration list for PBXProject "MinistryBrandsTestApp" */;
			compatibilityVersion = "Xcode 9.3";
			developmentRegion = en;
			hasScannedForEncodings = 0;
			knownRegions = (
				en,
				Base,
			);
			mainGroup = 34B9627D238508B5005A50D8;
			productRefGroup = 34B96287238508B6005A50D8 /* Products */;
			projectDirPath = "";
			projectRoot = "";
			targets = (
				34B96285238508B5005A50D8 /* MinistryBrandsTestApp */,
			);
		};
/* End PBXProject section */

/* Begin PBXResourcesBuildPhase section */
		34B96284238508B5005A50D8 /* Resources */ = {
			isa = PBXResourcesBuildPhase;
			buildActionMask = 2147483647;
			files = (
				34B96296238508B8005A50D8 /* LaunchScreen.storyboard in Resources */,
				34B96293238508B8005A50D8 /* Assets.xcassets in Resources */,
				34B96291238508B6005A50D8 /* Main.storyboard in Resources */,
			);
			runOnlyForDeploymentPostprocessing = 0;
		};
/* End PBXResourcesBuildPhase section */

/* Begin PBXShellScriptBuildPhase section */
		25E4E55064B93A43075AC5AA /* [CP] Embed Pods Frameworks */ = {
			isa = PBXShellScriptBuildPhase;
			buildActionMask = 2147483647;
			files = (
			);
			inputFileListPaths = (
				"${PODS_ROOT}/Target Support Files/Pods-MinistryBrandsTestApp/Pods-MinistryBrandsTestApp-frameworks-${CONFIGURATION}-input-files.xcfilelist",
			);
			name = "[CP] Embed Pods Frameworks";
			outputFileListPaths = (
				"${PODS_ROOT}/Target Support Files/Pods-MinistryBrandsTestApp/Pods-MinistryBrandsTestApp-frameworks-${CONFIGURATION}-output-files.xcfilelist",
			);
			runOnlyForDeploymentPostprocessing = 0;
			shellPath = /bin/sh;
			shellScript = "\"${PODS_ROOT}/Target Support Files/Pods-MinistryBrandsTestApp/Pods-MinistryBrandsTestApp-frameworks.sh\"\n";
			showEnvVarsInLog = 0;
		};
		7C8AFBCEDA42B0A04ED665C7 /* [CP] Check Pods Manifest.lock */ = {
			isa = PBXShellScriptBuildPhase;
			buildActionMask = 2147483647;
			files = (
			);
			inputFileListPaths = (
			);
			inputPaths = (
				"${PODS_PODFILE_DIR_PATH}/Podfile.lock",
				"${PODS_ROOT}/Manifest.lock",
			);
			name = "[CP] Check Pods Manifest.lock";
			outputFileListPaths = (
			);
			outputPaths = (
				"$(DERIVED_FILE_DIR)/Pods-MinistryBrandsTestApp-checkManifestLockResult.txt",
			);
			runOnlyForDeploymentPostprocessing = 0;
			shellPath = /bin/sh;
			shellScript = "diff \"${PODS_PODFILE_DIR_PATH}/Podfile.lock\" \"${PODS_ROOT}/Manifest.lock\" > /dev/null\nif [ $? != 0 ] ; then\n    # print error to STDERR\n    echo \"error: The sandbox is not in sync with the Podfile.lock. Run 'pod install' or update your CocoaPods installation.\" >&2\n    exit 1\nfi\n# This output is used by Xcode 'outputs' to avoid re-running this script phase.\necho \"SUCCESS\" > \"${SCRIPT_OUTPUT_FILE_0}\"\n";
			showEnvVarsInLog = 0;
		};
/* End PBXShellScriptBuildPhase section */

/* Begin PBXSourcesBuildPhase section */
		34B96282238508B5005A50D8 /* Sources */ = {
			isa = PBXSourcesBuildPhase;
			buildActionMask = 2147483647;
			files = (
				347F89D723873CE70037FC70 /* PersonDetailVC.swift in Sources */,
				3432D27523883B8A00E99241 /* UIButtonExtension.swift in Sources */,
				34268CD82388875200DF66A4 /* DateFormatterExtension.swift in Sources */,
				34C569B82385E7B700A79B6C /* NetworkManager.swift in Sources */,
				34268CDA2388921F00DF66A4 /* StringExtension.swift in Sources */,
				34C569BC2385F0CE00A79B6C /* HomeVC.swift in Sources */,
				34C569BE2385F28C00A79B6C /* UIViewControllerExtension.swift in Sources */,
				34C569C32386509400A79B6C /* PersonCell.swift in Sources */,
				34B9628E238508B6005A50D8 /* LoginVC.swift in Sources */,
				34B9628A238508B6005A50D8 /* AppDelegate.swift in Sources */,
				34268CDE2388F98500DF66A4 /* ProfileSettingsVC.swift in Sources */,
				34C569BA2385EBBB00A79B6C /* Person.swift in Sources */,
				3432D27B2388431700E99241 /* GradientView.swift in Sources */,
				34268CE02389012400DF66A4 /* UITextViewExtension.swift in Sources */,
				34B9628C238508B6005A50D8 /* SceneDelegate.swift in Sources */,
				3480A690238939AC00FD223A /* RealmManager.swift in Sources */,
				34C569B32385104600A79B6C /* UIColorExtension.swift in Sources */,
				3480A68E238938B000FD223A /* User.swift in Sources */,
			);
			runOnlyForDeploymentPostprocessing = 0;
		};
/* End PBXSourcesBuildPhase section */

/* Begin PBXVariantGroup section */
		34B9628F238508B6005A50D8 /* Main.storyboard */ = {
			isa = PBXVariantGroup;
			children = (
				34B96290238508B6005A50D8 /* Base */,
			);
			name = Main.storyboard;
			sourceTree = "<group>";
		};
		34B96294238508B8005A50D8 /* LaunchScreen.storyboard */ = {
			isa = PBXVariantGroup;
			children = (
				34B96295238508B8005A50D8 /* Base */,
			);
			name = LaunchScreen.storyboard;
			sourceTree = "<group>";
		};
/* End PBXVariantGroup section */

/* Begin XCBuildConfiguration section */
		34B96298238508B8005A50D8 /* Debug */ = {
			isa = XCBuildConfiguration;
			buildSettings = {
				ALWAYS_SEARCH_USER_PATHS = NO;
				CLANG_ANALYZER_NONNULL = YES;
				CLANG_ANALYZER_NUMBER_OBJECT_CONVERSION = YES_AGGRESSIVE;
				CLANG_CXX_LANGUAGE_STANDARD = "gnu++14";
				CLANG_CXX_LIBRARY = "libc++";
				CLANG_ENABLE_MODULES = YES;
				CLANG_ENABLE_OBJC_ARC = YES;
				CLANG_ENABLE_OBJC_WEAK = YES;
				CLANG_WARN_BLOCK_CAPTURE_AUTORELEASING = YES;
				CLANG_WARN_BOOL_CONVERSION = YES;
				CLANG_WARN_COMMA = YES;
				CLANG_WARN_CONSTANT_CONVERSION = YES;
				CLANG_WARN_DEPRECATED_OBJC_IMPLEMENTATIONS = YES;
				CLANG_WARN_DIRECT_OBJC_ISA_USAGE = YES_ERROR;
				CLANG_WARN_DOCUMENTATION_COMMENTS = YES;
				CLANG_WARN_EMPTY_BODY = YES;
				CLANG_WARN_ENUM_CONVERSION = YES;
				CLANG_WARN_INFINITE_RECURSION = YES;
				CLANG_WARN_INT_CONVERSION = YES;
				CLANG_WARN_NON_LITERAL_NULL_CONVERSION = YES;
				CLANG_WARN_OBJC_IMPLICIT_RETAIN_SELF = YES;
				CLANG_WARN_OBJC_LITERAL_CONVERSION = YES;
				CLANG_WARN_OBJC_ROOT_CLASS = YES_ERROR;
				CLANG_WARN_RANGE_LOOP_ANALYSIS = YES;
				CLANG_WARN_STRICT_PROTOTYPES = YES;
				CLANG_WARN_SUSPICIOUS_MOVE = YES;
				CLANG_WARN_UNGUARDED_AVAILABILITY = YES_AGGRESSIVE;
				CLANG_WARN_UNREACHABLE_CODE = YES;
				CLANG_WARN__DUPLICATE_METHOD_MATCH = YES;
				COPY_PHASE_STRIP = NO;
				DEBUG_INFORMATION_FORMAT = dwarf;
				ENABLE_STRICT_OBJC_MSGSEND = YES;
				ENABLE_TESTABILITY = YES;
				GCC_C_LANGUAGE_STANDARD = gnu11;
				GCC_DYNAMIC_NO_PIC = NO;
				GCC_NO_COMMON_BLOCKS = YES;
				GCC_OPTIMIZATION_LEVEL = 0;
				GCC_PREPROCESSOR_DEFINITIONS = (
					"DEBUG=1",
					"$(inherited)",
				);
				GCC_WARN_64_TO_32_BIT_CONVERSION = YES;
				GCC_WARN_ABOUT_RETURN_TYPE = YES_ERROR;
				GCC_WARN_UNDECLARED_SELECTOR = YES;
				GCC_WARN_UNINITIALIZED_AUTOS = YES_AGGRESSIVE;
				GCC_WARN_UNUSED_FUNCTION = YES;
				GCC_WARN_UNUSED_VARIABLE = YES;
				IPHONEOS_DEPLOYMENT_TARGET = 13.1;
				MTL_ENABLE_DEBUG_INFO = INCLUDE_SOURCE;
				MTL_FAST_MATH = YES;
				ONLY_ACTIVE_ARCH = YES;
				SDKROOT = iphoneos;
				SWIFT_ACTIVE_COMPILATION_CONDITIONS = DEBUG;
				SWIFT_OPTIMIZATION_LEVEL = "-Onone";
			};
			name = Debug;
		};
		34B96299238508B8005A50D8 /* Release */ = {
			isa = XCBuildConfiguration;
			buildSettings = {
				ALWAYS_SEARCH_USER_PATHS = NO;
				CLANG_ANALYZER_NONNULL = YES;
				CLANG_ANALYZER_NUMBER_OBJECT_CONVERSION = YES_AGGRESSIVE;
				CLANG_CXX_LANGUAGE_STANDARD = "gnu++14";
				CLANG_CXX_LIBRARY = "libc++";
				CLANG_ENABLE_MODULES = YES;
				CLANG_ENABLE_OBJC_ARC = YES;
				CLANG_ENABLE_OBJC_WEAK = YES;
				CLANG_WARN_BLOCK_CAPTURE_AUTORELEASING = YES;
				CLANG_WARN_BOOL_CONVERSION = YES;
				CLANG_WARN_COMMA = YES;
				CLANG_WARN_CONSTANT_CONVERSION = YES;
				CLANG_WARN_DEPRECATED_OBJC_IMPLEMENTATIONS = YES;
				CLANG_WARN_DIRECT_OBJC_ISA_USAGE = YES_ERROR;
				CLANG_WARN_DOCUMENTATION_COMMENTS = YES;
				CLANG_WARN_EMPTY_BODY = YES;
				CLANG_WARN_ENUM_CONVERSION = YES;
				CLANG_WARN_INFINITE_RECURSION = YES;
				CLANG_WARN_INT_CONVERSION = YES;
				CLANG_WARN_NON_LITERAL_NULL_CONVERSION = YES;
				CLANG_WARN_OBJC_IMPLICIT_RETAIN_SELF = YES;
				CLANG_WARN_OBJC_LITERAL_CONVERSION = YES;
				CLANG_WARN_OBJC_ROOT_CLASS = YES_ERROR;
				CLANG_WARN_RANGE_LOOP_ANALYSIS = YES;
				CLANG_WARN_STRICT_PROTOTYPES = YES;
				CLANG_WARN_SUSPICIOUS_MOVE = YES;
				CLANG_WARN_UNGUARDED_AVAILABILITY = YES_AGGRESSIVE;
				CLANG_WARN_UNREACHABLE_CODE = YES;
				CLANG_WARN__DUPLICATE_METHOD_MATCH = YES;
				COPY_PHASE_STRIP = NO;
				DEBUG_INFORMATION_FORMAT = "dwarf-with-dsym";
				ENABLE_NS_ASSERTIONS = NO;
				ENABLE_STRICT_OBJC_MSGSEND = YES;
				GCC_C_LANGUAGE_STANDARD = gnu11;
				GCC_NO_COMMON_BLOCKS = YES;
				GCC_WARN_64_TO_32_BIT_CONVERSION = YES;
				GCC_WARN_ABOUT_RETURN_TYPE = YES_ERROR;
				GCC_WARN_UNDECLARED_SELECTOR = YES;
				GCC_WARN_UNINITIALIZED_AUTOS = YES_AGGRESSIVE;
				GCC_WARN_UNUSED_FUNCTION = YES;
				GCC_WARN_UNUSED_VARIABLE = YES;
				IPHONEOS_DEPLOYMENT_TARGET = 13.1;
				MTL_ENABLE_DEBUG_INFO = NO;
				MTL_FAST_MATH = YES;
				SDKROOT = iphoneos;
				SWIFT_COMPILATION_MODE = wholemodule;
				SWIFT_OPTIMIZATION_LEVEL = "-O";
				VALIDATE_PRODUCT = YES;
			};
			name = Release;
		};
		34B9629B238508B8005A50D8 /* Debug */ = {
			isa = XCBuildConfiguration;
			baseConfigurationReference = 42367A260F554622F0AC552E /* Pods-MinistryBrandsTestApp.debug.xcconfig */;
			buildSettings = {
				ASSETCATALOG_COMPILER_APPICON_NAME = AppIcon;
				CODE_SIGN_STYLE = Automatic;
				DEVELOPMENT_TEAM = KNEDT6Y55K;
				INFOPLIST_FILE = MinistryBrandsTestApp/Info.plist;
				LD_RUNPATH_SEARCH_PATHS = (
					"$(inherited)",
					"@executable_path/Frameworks",
				);
				PRODUCT_BUNDLE_IDENTIFIER = com.taylorsmith.MinistryBrandsTestApp;
				PRODUCT_NAME = "$(TARGET_NAME)";
				SWIFT_VERSION = 5.0;
				TARGETED_DEVICE_FAMILY = "1,2";
			};
			name = Debug;
		};
		34B9629C238508B8005A50D8 /* Release */ = {
			isa = XCBuildConfiguration;
			baseConfigurationReference = 5232122DE68763276309BDB8 /* Pods-MinistryBrandsTestApp.release.xcconfig */;
			buildSettings = {
				ASSETCATALOG_COMPILER_APPICON_NAME = AppIcon;
				CODE_SIGN_STYLE = Automatic;
				DEVELOPMENT_TEAM = KNEDT6Y55K;
				INFOPLIST_FILE = MinistryBrandsTestApp/Info.plist;
				LD_RUNPATH_SEARCH_PATHS = (
					"$(inherited)",
					"@executable_path/Frameworks",
				);
				PRODUCT_BUNDLE_IDENTIFIER = com.taylorsmith.MinistryBrandsTestApp;
				PRODUCT_NAME = "$(TARGET_NAME)";
				SWIFT_VERSION = 5.0;
				TARGETED_DEVICE_FAMILY = "1,2";
			};
			name = Release;
		};
/* End XCBuildConfiguration section */

/* Begin XCConfigurationList section */
		34B96281238508B5005A50D8 /* Build configuration list for PBXProject "MinistryBrandsTestApp" */ = {
			isa = XCConfigurationList;
			buildConfigurations = (
				34B96298238508B8005A50D8 /* Debug */,
				34B96299238508B8005A50D8 /* Release */,
			);
			defaultConfigurationIsVisible = 0;
			defaultConfigurationName = Release;
		};
		34B9629A238508B8005A50D8 /* Build configuration list for PBXNativeTarget "MinistryBrandsTestApp" */ = {
			isa = XCConfigurationList;
			buildConfigurations = (
				34B9629B238508B8005A50D8 /* Debug */,
				34B9629C238508B8005A50D8 /* Release */,
			);
			defaultConfigurationIsVisible = 0;
			defaultConfigurationName = Release;
		};
/* End XCConfigurationList section */
	};
	rootObject = 34B9627E238508B5005A50D8 /* Project object */;
}
